
Microsoft Visual Studio Solution File, Format Version 12.00
# Visual Studio Version 16
VisualStudioVersion = 16.0.31702.278
MinimumVisualStudioVersion = 10.0.40219.1
Project("{FAE04EC0-301F-11D3-BF4B-00C04F79EFBC}") = "PM2E122.Android", "PM2E122\PM2E122.Android\PM2E122.Android.csproj", "{C922F137-2701-4BE4-B0F9-92A218175395}"
EndProject
Project("{FAE04EC0-301F-11D3-BF4B-00C04F79EFBC}") = "PM2E122", "PM2E122\PM2E122\PM2E122.csproj", "{0548228F-DF56-4B62-9FA2-3C8256458DD1}"
EndProject
Global
	GlobalSection(SolutionConfigurationPlatforms) = preSolution
		Debug|Any CPU = Debug|Any CPU
		Release|Any CPU = Release|Any CPU
	EndGlobalSection
	GlobalSection(ProjectConfigurationPlatforms) = postSolution
		{C922F137-2701-4BE4-B0F9-92A218175395}.Debug|Any CPU.ActiveCfg = Debug|Any CPU
		{C922F137-2701-4BE4-B0F9-92A218175395}.Debug|Any CPU.Build.0 = Debug|Any CPU
		{C922F137-2701-4BE4-B0F9-92A218175395}.Debug|Any CPU.Deploy.0 = Debug|Any CPU
		{C922F137-2701-4BE4-B0F9-92A218175395}.Release|Any CPU.ActiveCfg = Release|Any CPU
		{C922F137-2701-4BE4-B0F9-92A218175395}.Release|Any CPU.Build.0 = Release|Any CPU
		{C922F137-2701-4BE4-B0F9-92A218175395}.Release|Any CPU.Deploy.0 = Release|Any CPU
		{0548228F-DF56-4B62-9FA2-3C8256458DD1}.Debug|Any CPU.ActiveCfg = Debug|Any CPU
		{0548228F-DF56-4B62-9FA2-3C8256458DD1}.Debug|Any CPU.Build.0 = Debug|Any CPU
		{0548228F-DF56-4B62-9FA2-3C8256458DD1}.Debug|Any CPU.Deploy.0 = Debug|Any CPU
		{0548228F-DF56-4B62-9FA2-3C8256458DD1}.Release|Any CPU.ActiveCfg = Release|Any CPU
		{0548228F-DF56-4B62-9FA2-3C8256458DD1}.Release|Any CPU.Build.0 = Release|Any CPU
		{0548228F-DF56-4B62-9FA2-3C8256458DD1}.Release|Any CPU.Deploy.0 = Release|Any CPU
	EndGlobalSection
	GlobalSection(SolutionProperties) = preSolution
		HideSolutionNode = FALSE
	EndGlobalSection
	GlobalSection(ExtensibilityGlobals) = postSolution
		SolutionGuid = {C0D5CC3E-640A-4836-AAEA-CB8284565882}
	EndGlobalSection
EndGlobal
